// !$*UTF8*$!
{
	archiveVersion = 1;
	classes = {
	};
	objectVersion = 50;
	objects = {

/* Begin PBXBuildFile section */
		2E2C1AD62589529500A154AA /* ManagerDataModel.swift in Sources */ = {isa = PBXBuildFile; fileRef = 2E2C1AD52589529500A154AA /* ManagerDataModel.swift */; };
		2E599CC0258A533C002036A1 /* employees.json in Resources */ = {isa = PBXBuildFile; fileRef = 2E599CBF258A533C002036A1 /* employees.json */; };
		2E599CC5258A538F002036A1 /* TestDataLoader.swift in Sources */ = {isa = PBXBuildFile; fileRef = 2E599CC4258A538E002036A1 /* TestDataLoader.swift */; };
		2E770A5D25891FD600911EC0 /* AppDelegate.swift in Sources */ = {isa = PBXBuildFile; fileRef = 2E770A5C25891FD600911EC0 /* AppDelegate.swift */; };
		2E770A5F25891FD600911EC0 /* SceneDelegate.swift in Sources */ = {isa = PBXBuildFile; fileRef = 2E770A5E25891FD600911EC0 /* SceneDelegate.swift */; };
		2E770A6125891FD600911EC0 /* ViewController.swift in Sources */ = {isa = PBXBuildFile; fileRef = 2E770A6025891FD600911EC0 /* ViewController.swift */; };
		2E770A6425891FD600911EC0 /* Main.storyboard in Resources */ = {isa = PBXBuildFile; fileRef = 2E770A6225891FD600911EC0 /* Main.storyboard */; };
		2E770A6625891FEC00911EC0 /* Assets.xcassets in Resources */ = {isa = PBXBuildFile; fileRef = 2E770A6525891FEC00911EC0 /* Assets.xcassets */; };
		2E770A6925891FEC00911EC0 /* LaunchScreen.storyboard in Resources */ = {isa = PBXBuildFile; fileRef = 2E770A6725891FEC00911EC0 /* LaunchScreen.storyboard */; };
		2E770A7425891FED00911EC0 /* DemoAppTests.swift in Sources */ = {isa = PBXBuildFile; fileRef = 2E770A7325891FED00911EC0 /* DemoAppTests.swift */; };
		2EC6B33D2589252D00EC9FDD /* NetworkHandler.swift in Sources */ = {isa = PBXBuildFile; fileRef = 2EC6B33C2589252D00EC9FDD /* NetworkHandler.swift */; };
		2EC6B3432589264B00EC9FDD /* ManagerDTO.swift in Sources */ = {isa = PBXBuildFile; fileRef = 2EC6B3422589264B00EC9FDD /* ManagerDTO.swift */; };
/* End PBXBuildFile section */

/* Begin PBXContainerItemProxy section */
		2E770A7025891FED00911EC0 /* PBXContainerItemProxy */ = {
			isa = PBXContainerItemProxy;
			containerPortal = 2E770A5125891FD600911EC0 /* Project object */;
			proxyType = 1;
			remoteGlobalIDString = 2E770A5825891FD600911EC0;
			remoteInfo = DemoApp;
		};
/* End PBXContainerItemProxy section */

/* Begin PBXFileReference section */
		2E2C1AD52589529500A154AA /* ManagerDataModel.swift */ = {isa = PBXFileReference; lastKnownFileType = sourcecode.swift; path = ManagerDataModel.swift; sourceTree = "<group>"; };
		2E599CBF258A533C002036A1 /* employees.json */ = {isa = PBXFileReference; lastKnownFileType = text.json; path = employees.json; sourceTree = "<group>"; };
		2E599CC4258A538E002036A1 /* TestDataLoader.swift */ = {isa = PBXFileReference; lastKnownFileType = sourcecode.swift; path = TestDataLoader.swift; sourceTree = "<group>"; };
		2E770A5925891FD600911EC0 /* DemoApp.app */ = {isa = PBXFileReference; explicitFileType = wrapper.application; includeInIndex = 0; path = DemoApp.app; sourceTree = BUILT_PRODUCTS_DIR; };
		2E770A5C25891FD600911EC0 /* AppDelegate.swift */ = {isa = PBXFileReference; lastKnownFileType = sourcecode.swift; path = AppDelegate.swift; sourceTree = "<group>"; };
		2E770A5E25891FD600911EC0 /* SceneDelegate.swift */ = {isa = PBXFileReference; lastKnownFileType = sourcecode.swift; path = SceneDelegate.swift; sourceTree = "<group>"; };
		2E770A6025891FD600911EC0 /* ViewController.swift */ = {isa = PBXFileReference; lastKnownFileType = sourcecode.swift; path = ViewController.swift; sourceTree = "<group>"; };
		2E770A6325891FD600911EC0 /* Base */ = {isa = PBXFileReference; lastKnownFileType = file.storyboard; name = Base; path = Base.lproj/Main.storyboard; sourceTree = "<group>"; };
		2E770A6525891FEC00911EC0 /* Assets.xcassets */ = {isa = PBXFileReference; lastKnownFileType = folder.assetcatalog; path = Assets.xcassets; sourceTree = "<group>"; };
		2E770A6825891FEC00911EC0 /* Base */ = {isa = PBXFileReference; lastKnownFileType = file.storyboard; name = Base; path = Base.lproj/LaunchScreen.storyboard; sourceTree = "<group>"; };
		2E770A6A25891FEC00911EC0 /* Info.plist */ = {isa = PBXFileReference; lastKnownFileType = text.plist.xml; path = Info.plist; sourceTree = "<group>"; };
		2E770A6F25891FED00911EC0 /* DemoAppTests.xctest */ = {isa = PBXFileReference; explicitFileType = wrapper.cfbundle; includeInIndex = 0; path = DemoAppTests.xctest; sourceTree = BUILT_PRODUCTS_DIR; };
		2E770A7325891FED00911EC0 /* DemoAppTests.swift */ = {isa = PBXFileReference; lastKnownFileType = sourcecode.swift; path = DemoAppTests.swift; sourceTree = "<group>"; };
		2E770A7525891FED00911EC0 /* Info.plist */ = {isa = PBXFileReference; lastKnownFileType = text.plist.xml; path = Info.plist; sourceTree = "<group>"; };
		2EC6B33C2589252D00EC9FDD /* NetworkHandler.swift */ = {isa = PBXFileReference; lastKnownFileType = sourcecode.swift; path = NetworkHandler.swift; sourceTree = "<group>"; };
		2EC6B3422589264B00EC9FDD /* ManagerDTO.swift */ = {isa = PBXFileReference; lastKnownFileType = sourcecode.swift; path = ManagerDTO.swift; sourceTree = "<group>"; };
/* End PBXFileReference section */

/* Begin PBXFrameworksBuildPhase section */
		2E770A5625891FD600911EC0 /* Frameworks */ = {
			isa = PBXFrameworksBuildPhase;
			buildActionMask = 2147483647;
			files = (
			);
			runOnlyForDeploymentPostprocessing = 0;
		};
		2E770A6C25891FED00911EC0 /* Frameworks */ = {
			isa = PBXFrameworksBuildPhase;
			buildActionMask = 2147483647;
			files = (
			);
			runOnlyForDeploymentPostprocessing = 0;
		};
/* End PBXFrameworksBuildPhase section */

/* Begin PBXGroup section */
		2E2C1ACC2589419E00A154AA /* Data */ = {
			isa = PBXGroup;
			children = (
				2EC6B33C2589252D00EC9FDD /* NetworkHandler.swift */,
				2EC6B3422589264B00EC9FDD /* ManagerDTO.swift */,
				2E2C1AD52589529500A154AA /* ManagerDataModel.swift */,
			);
			path = Data;
			sourceTree = "<group>";
		};
		2E770A5025891FD600911EC0 = {
			isa = PBXGroup;
			children = (
				2E770A5B25891FD600911EC0 /* DemoApp */,
				2E770A7225891FED00911EC0 /* DemoAppTests */,
				2E770A5A25891FD600911EC0 /* Products */,
			);
			sourceTree = "<group>";
		};
		2E770A5A25891FD600911EC0 /* Products */ = {
			isa = PBXGroup;
			children = (
				2E770A5925891FD600911EC0 /* DemoApp.app */,
				2E770A6F25891FED00911EC0 /* DemoAppTests.xctest */,
			);
			name = Products;
			sourceTree = "<group>";
		};
		2E770A5B25891FD600911EC0 /* DemoApp */ = {
			isa = PBXGroup;
			children = (
				2EC6B3472589266000EC9FDD /* Other */,
				2E770A8F2589214100911EC0 /* Delegate */,
				2E770A6025891FD600911EC0 /* ViewController.swift */,
				2E2C1ACC2589419E00A154AA /* Data */,
				2E770A6525891FEC00911EC0 /* Assets.xcassets */,
				2E770A6A25891FEC00911EC0 /* Info.plist */,
			);
			path = DemoApp;
			sourceTree = "<group>";
		};
		2E770A7225891FED00911EC0 /* DemoAppTests */ = {
			isa = PBXGroup;
			children = (
				2E770A7325891FED00911EC0 /* DemoAppTests.swift */,
				2E599CC4258A538E002036A1 /* TestDataLoader.swift */,
				2E770A7525891FED00911EC0 /* Info.plist */,
				2E599CBF258A533C002036A1 /* employees.json */,
			);
			path = DemoAppTests;
			sourceTree = "<group>";
		};
		2E770A8F2589214100911EC0 /* Delegate */ = {
			isa = PBXGroup;
			children = (
				2E770A5C25891FD600911EC0 /* AppDelegate.swift */,
				2E770A5E25891FD600911EC0 /* SceneDelegate.swift */,
			);
			path = Delegate;
			sourceTree = "<group>";
		};
		2EC6B3472589266000EC9FDD /* Other */ = {
			isa = PBXGroup;
			children = (
				2E770A6225891FD600911EC0 /* Main.storyboard */,
				2E770A6725891FEC00911EC0 /* LaunchScreen.storyboard */,
			);
			path = Other;
			sourceTree = "<group>";
		};
/* End PBXGroup section */

/* Begin PBXNativeTarget section */
		2E770A5825891FD600911EC0 /* DemoApp */ = {
			isa = PBXNativeTarget;
			buildConfigurationList = 2E770A8325891FED00911EC0 /* Build configuration list for PBXNativeTarget "DemoApp" */;
			buildPhases = (
				2E770A5525891FD600911EC0 /* Sources */,
				2E770A5625891FD600911EC0 /* Frameworks */,
				2E770A5725891FD600911EC0 /* Resources */,
			);
			buildRules = (
			);
			dependencies = (
			);
			name = DemoApp;
			productName = DemoApp;
			productReference = 2E770A5925891FD600911EC0 /* DemoApp.app */;
			productType = "com.apple.product-type.application";
		};
		2E770A6E25891FED00911EC0 /* DemoAppTests */ = {
			isa = PBXNativeTarget;
			buildConfigurationList = 2E770A8625891FED00911EC0 /* Build configuration list for PBXNativeTarget "DemoAppTests" */;
			buildPhases = (
				2E770A6B25891FED00911EC0 /* Sources */,
				2E770A6C25891FED00911EC0 /* Frameworks */,
				2E770A6D25891FED00911EC0 /* Resources */,
			);
			buildRules = (
			);
			dependencies = (
				2E770A7125891FED00911EC0 /* PBXTargetDependency */,
			);
			name = DemoAppTests;
			productName = DemoAppTests;
			productReference = 2E770A6F25891FED00911EC0 /* DemoAppTests.xctest */;
			productType = "com.apple.product-type.bundle.unit-test";
		};
/* End PBXNativeTarget section */

/* Begin PBXProject section */
		2E770A5125891FD600911EC0 /* Project object */ = {
			isa = PBXProject;
			attributes = {
				LastSwiftUpdateCheck = 1210;
				LastUpgradeCheck = 1210;
				TargetAttributes = {
					2E770A5825891FD600911EC0 = {
						CreatedOnToolsVersion = 12.1;
					};
					2E770A6E25891FED00911EC0 = {
						CreatedOnToolsVersion = 12.1;
						TestTargetID = 2E770A5825891FD600911EC0;
					};
				};
			};
			buildConfigurationList = 2E770A5425891FD600911EC0 /* Build configuration list for PBXProject "DemoApp" */;
			compatibilityVersion = "Xcode 9.3";
			developmentRegion = en;
			hasScannedForEncodings = 0;
			knownRegions = (
				en,
				Base,
			);
			mainGroup = 2E770A5025891FD600911EC0;
			productRefGroup = 2E770A5A25891FD600911EC0 /* Products */;
			projectDirPath = "";
			projectRoot = "";
			targets = (
				2E770A5825891FD600911EC0 /* DemoApp */,
				2E770A6E25891FED00911EC0 /* DemoAppTests */,
			);
		};
/* End PBXProject section */

/* Begin PBXResourcesBuildPhase section */
		2E770A5725891FD600911EC0 /* Resources */ = {
			isa = PBXResourcesBuildPhase;
			buildActionMask = 2147483647;
			files = (
				2E770A6925891FEC00911EC0 /* LaunchScreen.storyboard in Resources */,
				2E770A6625891FEC00911EC0 /* Assets.xcassets in Resources */,
				2E770A6425891FD600911EC0 /* Main.storyboard in Resources */,
			);
			runOnlyForDeploymentPostprocessing = 0;
		};
		2E770A6D25891FED00911EC0 /* Resources */ = {
			isa = PBXResourcesBuildPhase;
			buildActionMask = 2147483647;
			files = (
				2E599CC0258A533C002036A1 /* employees.json in Resources */,
			);
			runOnlyForDeploymentPostprocessing = 0;
		};
/* End PBXResourcesBuildPhase section */

/* Begin PBXSourcesBuildPhase section */
		2E770A5525891FD600911EC0 /* Sources */ = {
			isa = PBXSourcesBuildPhase;
			buildActionMask = 2147483647;
			files = (
				2EC6B3432589264B00EC9FDD /* ManagerDTO.swift in Sources */,
				2E770A6125891FD600911EC0 /* ViewController.swift in Sources */,
				2E770A5D25891FD600911EC0 /* AppDelegate.swift in Sources */,
				2E770A5F25891FD600911EC0 /* SceneDelegate.swift in Sources */,
				2EC6B33D2589252D00EC9FDD /* NetworkHandler.swift in Sources */,
				2E2C1AD62589529500A154AA /* ManagerDataModel.swift in Sources */,
			);
			runOnlyForDeploymentPostprocessing = 0;
		};
		2E770A6B25891FED00911EC0 /* Sources */ = {
			isa = PBXSourcesBuildPhase;
			buildActionMask = 2147483647;
			files = (
				2E599CC5258A538F002036A1 /* TestDataLoader.swift in Sources */,
				2E770A7425891FED00911EC0 /* DemoAppTests.swift in Sources */,
			);
			runOnlyForDeploymentPostprocessing = 0;
		};
/* End PBXSourcesBuildPhase section */

/* Begin PBXTargetDependency section */
		2E770A7125891FED00911EC0 /* PBXTargetDependency */ = {
			isa = PBXTargetDependency;
			target = 2E770A5825891FD600911EC0 /* DemoApp */;
			targetProxy = 2E770A7025891FED00911EC0 /* PBXContainerItemProxy */;
		};
/* End PBXTargetDependency section */

/* Begin PBXVariantGroup section */
		2E770A6225891FD600911EC0 /* Main.storyboard */ = {
			isa = PBXVariantGroup;
			children = (
				2E770A6325891FD600911EC0 /* Base */,
			);
			name = Main.storyboard;
			sourceTree = "<group>";
		};
		2E770A6725891FEC00911EC0 /* LaunchScreen.storyboard */ = {
			isa = PBXVariantGroup;
			children = (
				2E770A6825891FEC00911EC0 /* Base */,
			);
			name = LaunchScreen.storyboard;
			sourceTree = "<group>";
		};
/* End PBXVariantGroup section */

/* Begin XCBuildConfiguration section */
		2E770A8125891FED00911EC0 /* Debug */ = {
			isa = XCBuildConfiguration;
			buildSettings = {
				ALWAYS_SEARCH_USER_PATHS = NO;
				CLANG_ANALYZER_NONNULL = YES;
				CLANG_ANALYZER_NUMBER_OBJECT_CONVERSION = YES_AGGRESSIVE;
				CLANG_CXX_LANGUAGE_STANDARD = "gnu++14";
				CLANG_CXX_LIBRARY = "libc++";
				CLANG_ENABLE_MODULES = YES;
				CLANG_ENABLE_OBJC_ARC = YES;
				CLANG_ENABLE_OBJC_WEAK = YES;
				CLANG_WARN_BLOCK_CAPTURE_AUTORELEASING = YES;
				CLANG_WARN_BOOL_CONVERSION = YES;
				CLANG_WARN_COMMA = YES;
				CLANG_WARN_CONSTANT_CONVERSION = YES;
				CLANG_WARN_DEPRECATED_OBJC_IMPLEMENTATIONS = YES;
				CLANG_WARN_DIRECT_OBJC_ISA_USAGE = YES_ERROR;
				CLANG_WARN_DOCUMENTATION_COMMENTS = YES;
				CLANG_WARN_EMPTY_BODY = YES;
				CLANG_WARN_ENUM_CONVERSION = YES;
				CLANG_WARN_INFINITE_RECURSION = YES;
				CLANG_WARN_INT_CONVERSION = YES;
				CLANG_WARN_NON_LITERAL_NULL_CONVERSION = YES;
				CLANG_WARN_OBJC_IMPLICIT_RETAIN_SELF = YES;
				CLANG_WARN_OBJC_LITERAL_CONVERSION = YES;
				CLANG_WARN_OBJC_ROOT_CLASS = YES_ERROR;
				CLANG_WARN_QUOTED_INCLUDE_IN_FRAMEWORK_HEADER = YES;
				CLANG_WARN_RANGE_LOOP_ANALYSIS = YES;
				CLANG_WARN_STRICT_PROTOTYPES = YES;
				CLANG_WARN_SUSPICIOUS_MOVE = YES;
				CLANG_WARN_UNGUARDED_AVAILABILITY = YES_AGGRESSIVE;
				CLANG_WARN_UNREACHABLE_CODE = YES;
				CLANG_WARN__DUPLICATE_METHOD_MATCH = YES;
				COPY_PHASE_STRIP = NO;
				DEBUG_INFORMATION_FORMAT = dwarf;
				ENABLE_STRICT_OBJC_MSGSEND = YES;
				ENABLE_TESTABILITY = YES;
				GCC_C_LANGUAGE_STANDARD = gnu11;
				GCC_DYNAMIC_NO_PIC = NO;
				GCC_NO_COMMON_BLOCKS = YES;
				GCC_OPTIMIZATION_LEVEL = 0;
				GCC_PREPROCESSOR_DEFINITIONS = (
					"DEBUG=1",
					"$(inherited)",
				);
				GCC_WARN_64_TO_32_BIT_CONVERSION = YES;
				GCC_WARN_ABOUT_RETURN_TYPE = YES_ERROR;
				GCC_WARN_UNDECLARED_SELECTOR = YES;
				GCC_WARN_UNINITIALIZED_AUTOS = YES_AGGRESSIVE;
				GCC_WARN_UNUSED_FUNCTION = YES;
				GCC_WARN_UNUSED_VARIABLE = YES;
				IPHONEOS_DEPLOYMENT_TARGET = 14.1;
				MTL_ENABLE_DEBUG_INFO = INCLUDE_SOURCE;
				MTL_FAST_MATH = YES;
				ONLY_ACTIVE_ARCH = YES;
				SDKROOT = iphoneos;
				SWIFT_ACTIVE_COMPILATION_CONDITIONS = DEBUG;
				SWIFT_OPTIMIZATION_LEVEL = "-Onone";
			};
			name = Debug;
		};
		2E770A8225891FED00911EC0 /* Release */ = {
			isa = XCBuildConfiguration;
			buildSettings = {
				ALWAYS_SEARCH_USER_PATHS = NO;
				CLANG_ANALYZER_NONNULL = YES;
				CLANG_ANALYZER_NUMBER_OBJECT_CONVERSION = YES_AGGRESSIVE;
				CLANG_CXX_LANGUAGE_STANDARD = "gnu++14";
				CLANG_CXX_LIBRARY = "libc++";
				CLANG_ENABLE_MODULES = YES;
				CLANG_ENABLE_OBJC_ARC = YES;
				CLANG_ENABLE_OBJC_WEAK = YES;
				CLANG_WARN_BLOCK_CAPTURE_AUTORELEASING = YES;
				CLANG_WARN_BOOL_CONVERSION = YES;
				CLANG_WARN_COMMA = YES;
				CLANG_WARN_CONSTANT_CONVERSION = YES;
				CLANG_WARN_DEPRECATED_OBJC_IMPLEMENTATIONS = YES;
				CLANG_WARN_DIRECT_OBJC_ISA_USAGE = YES_ERROR;
				CLANG_WARN_DOCUMENTATION_COMMENTS = YES;
				CLANG_WARN_EMPTY_BODY = YES;
				CLANG_WARN_ENUM_CONVERSION = YES;
				CLANG_WARN_INFINITE_RECURSION = YES;
				CLANG_WARN_INT_CONVERSION = YES;
				CLANG_WARN_NON_LITERAL_NULL_CONVERSION = YES;
				CLANG_WARN_OBJC_IMPLICIT_RETAIN_SELF = YES;
				CLANG_WARN_OBJC_LITERAL_CONVERSION = YES;
				CLANG_WARN_OBJC_ROOT_CLASS = YES_ERROR;
				CLANG_WARN_QUOTED_INCLUDE_IN_FRAMEWORK_HEADER = YES;
				CLANG_WARN_RANGE_LOOP_ANALYSIS = YES;
				CLANG_WARN_STRICT_PROTOTYPES = YES;
				CLANG_WARN_SUSPICIOUS_MOVE = YES;
				CLANG_WARN_UNGUARDED_AVAILABILITY = YES_AGGRESSIVE;
				CLANG_WARN_UNREACHABLE_CODE = YES;
				CLANG_WARN__DUPLICATE_METHOD_MATCH = YES;
				COPY_PHASE_STRIP = NO;
				DEBUG_INFORMATION_FORMAT = "dwarf-with-dsym";
				ENABLE_NS_ASSERTIONS = NO;
				ENABLE_STRICT_OBJC_MSGSEND = YES;
				GCC_C_LANGUAGE_STANDARD = gnu11;
				GCC_NO_COMMON_BLOCKS = YES;
				GCC_WARN_64_TO_32_BIT_CONVERSION = YES;
				GCC_WARN_ABOUT_RETURN_TYPE = YES_ERROR;
				GCC_WARN_UNDECLARED_SELECTOR = YES;
				GCC_WARN_UNINITIALIZED_AUTOS = YES_AGGRESSIVE;
				GCC_WARN_UNUSED_FUNCTION = YES;
				GCC_WARN_UNUSED_VARIABLE = YES;
				IPHONEOS_DEPLOYMENT_TARGET = 14.1;
				MTL_ENABLE_DEBUG_INFO = NO;
				MTL_FAST_MATH = YES;
				SDKROOT = iphoneos;
				SWIFT_COMPILATION_MODE = wholemodule;
				SWIFT_OPTIMIZATION_LEVEL = "-O";
				VALIDATE_PRODUCT = YES;
			};
			name = Release;
		};
		2E770A8425891FED00911EC0 /* Debug */ = {
			isa = XCBuildConfiguration;
			buildSettings = {
				ASSETCATALOG_COMPILER_APPICON_NAME = AppIcon;
				ASSETCATALOG_COMPILER_GLOBAL_ACCENT_COLOR_NAME = AccentColor;
				CODE_SIGN_STYLE = Automatic;
				INFOPLIST_FILE = DemoApp/Info.plist;
				LD_RUNPATH_SEARCH_PATHS = (
					"$(inherited)",
					"@executable_path/Frameworks",
				);
				PRODUCT_BUNDLE_IDENTIFIER = CeciliaValenti.DemoApp;
				PRODUCT_NAME = "$(TARGET_NAME)";
				SWIFT_VERSION = 5.0;
				TARGETED_DEVICE_FAMILY = "1,2";
			};
			name = Debug;
		};
		2E770A8525891FED00911EC0 /* Release */ = {
			isa = XCBuildConfiguration;
			buildSettings = {
				ASSETCATALOG_COMPILER_APPICON_NAME = AppIcon;
				ASSETCATALOG_COMPILER_GLOBAL_ACCENT_COLOR_NAME = AccentColor;
				CODE_SIGN_STYLE = Automatic;
				INFOPLIST_FILE = DemoApp/Info.plist;
				LD_RUNPATH_SEARCH_PATHS = (
					"$(inherited)",
					"@executable_path/Frameworks",
				);
				PRODUCT_BUNDLE_IDENTIFIER = CeciliaValenti.DemoApp;
				PRODUCT_NAME = "$(TARGET_NAME)";
				SWIFT_VERSION = 5.0;
				TARGETED_DEVICE_FAMILY = "1,2";
			};
			name = Release;
		};
		2E770A8725891FED00911EC0 /* Debug */ = {
			isa = XCBuildConfiguration;
			buildSettings = {
				ALWAYS_EMBED_SWIFT_STANDARD_LIBRARIES = YES;
				BUNDLE_LOADER = "$(TEST_HOST)";
				CODE_SIGN_STYLE = Automatic;
				INFOPLIST_FILE = DemoAppTests/Info.plist;
				IPHONEOS_DEPLOYMENT_TARGET = 14.1;
				LD_RUNPATH_SEARCH_PATHS = (
					"$(inherited)",
					"@executable_path/Frameworks",
					"@loader_path/Frameworks",
				);
				PRODUCT_BUNDLE_IDENTIFIER = CeciliaValenti.DemoAppTests;
				PRODUCT_NAME = "$(TARGET_NAME)";
				SWIFT_VERSION = 5.0;
				TARGETED_DEVICE_FAMILY = "1,2";
				TEST_HOST = "$(BUILT_PRODUCTS_DIR)/DemoApp.app/DemoApp";
			};
			name = Debug;
		};
		2E770A8825891FED00911EC0 /* Release */ = {
			isa = XCBuildConfiguration;
			buildSettings = {
				ALWAYS_EMBED_SWIFT_STANDARD_LIBRARIES = YES;
				BUNDLE_LOADER = "$(TEST_HOST)";
				CODE_SIGN_STYLE = Automatic;
				INFOPLIST_FILE = DemoAppTests/Info.plist;
				IPHONEOS_DEPLOYMENT_TARGET = 14.1;
				LD_RUNPATH_SEARCH_PATHS = (
					"$(inherited)",
					"@executable_path/Frameworks",
					"@loader_path/Frameworks",
				);
				PRODUCT_BUNDLE_IDENTIFIER = CeciliaValenti.DemoAppTests;
				PRODUCT_NAME = "$(TARGET_NAME)";
				SWIFT_VERSION = 5.0;
				TARGETED_DEVICE_FAMILY = "1,2";
				TEST_HOST = "$(BUILT_PRODUCTS_DIR)/DemoApp.app/DemoApp";
			};
			name = Release;
		};
/* End XCBuildConfiguration section */

/* Begin XCConfigurationList section */
		2E770A5425891FD600911EC0 /* Build configuration list for PBXProject "DemoApp" */ = {
			isa = XCConfigurationList;
			buildConfigurations = (
				2E770A8125891FED00911EC0 /* Debug */,
				2E770A8225891FED00911EC0 /* Release */,
			);
			defaultConfigurationIsVisible = 0;
			defaultConfigurationName = Release;
		};
		2E770A8325891FED00911EC0 /* Build configuration list for PBXNativeTarget "DemoApp" */ = {
			isa = XCConfigurationList;
			buildConfigurations = (
				2E770A8425891FED00911EC0 /* Debug */,
				2E770A8525891FED00911EC0 /* Release */,
			);
			defaultConfigurationIsVisible = 0;
			defaultConfigurationName = Release;
		};
		2E770A8625891FED00911EC0 /* Build configuration list for PBXNativeTarget "DemoAppTests" */ = {
			isa = XCConfigurationList;
			buildConfigurations = (
				2E770A8725891FED00911EC0 /* Debug */,
				2E770A8825891FED00911EC0 /* Release */,
			);
			defaultConfigurationIsVisible = 0;
			defaultConfigurationName = Release;
		};
/* End XCConfigurationList section */
	};
	rootObject = 2E770A5125891FD600911EC0 /* Project object */;
}
